
Microsoft Visual Studio Solution File, Format Version 12.00
# Visual Studio Version 17
VisualStudioVersion = 17.8.34525.116
MinimumVisualStudioVersion = 10.0.40219.1
Project("{8BC9CEB8-8B4A-11D0-8D11-00A0C91BC942}") = "lesson-01", "lesson-01\lesson-01.vcxproj", "{32EB735B-D6CA-40B9-97C6-AD0B264DDFE3}"
EndProject
Project("{8BC9CEB8-8B4A-11D0-8D11-00A0C91BC942}") = "lesson-03", "lesson-03\lesson-03.vcxproj", "{9087D41F-0A4B-4856-ADEF-F3F22C938EB2}"
EndProject
Project("{8BC9CEB8-8B4A-11D0-8D11-00A0C91BC942}") = "lesson-04", "lesson-04\lesson-04.vcxproj", "{3D248737-005F-4B7C-A263-1ECC2BC642C8}"
EndProject
Project("{8BC9CEB8-8B4A-11D0-8D11-00A0C91BC942}") = "lesson-05", "lesson-05\lesson-05.vcxproj", "{40363176-D744-4840-911F-999BE391583F}"
EndProject
Project("{8BC9CEB8-8B4A-11D0-8D11-00A0C91BC942}") = "lesson-06", "lesson-06\lesson-06.vcxproj", "{51913C7C-5530-4014-9795-F003D020F4EB}"
EndProject
Global
	GlobalSection(SolutionConfigurationPlatforms) = preSolution
		Debug|x64 = Debug|x64
		Debug|x86 = Debug|x86
		Release|x64 = Release|x64
		Release|x86 = Release|x86
	EndGlobalSection
	GlobalSection(ProjectConfigurationPlatforms) = postSolution
		{32EB735B-D6CA-40B9-97C6-AD0B264DDFE3}.Debug|x64.ActiveCfg = Debug|x64
		{32EB735B-D6CA-40B9-97C6-AD0B264DDFE3}.Debug|x64.Build.0 = Debug|x64
		{32EB735B-D6CA-40B9-97C6-AD0B264DDFE3}.Debug|x86.ActiveCfg = Debug|Win32
		{32EB735B-D6CA-40B9-97C6-AD0B264DDFE3}.Debug|x86.Build.0 = Debug|Win32
		{32EB735B-D6CA-40B9-97C6-AD0B264DDFE3}.Release|x64.ActiveCfg = Release|x64
		{32EB735B-D6CA-40B9-97C6-AD0B264DDFE3}.Release|x64.Build.0 = Release|x64
		{32EB735B-D6CA-40B9-97C6-AD0B264DDFE3}.Release|x86.ActiveCfg = Release|Win32
		{32EB735B-D6CA-40B9-97C6-AD0B264DDFE3}.Release|x86.Build.0 = Release|Win32
		{9087D41F-0A4B-4856-ADEF-F3F22C938EB2}.Debug|x64.ActiveCfg = Debug|x64
		{9087D41F-0A4B-4856-ADEF-F3F22C938EB2}.Debug|x64.Build.0 = Debug|x64
		{9087D41F-0A4B-4856-ADEF-F3F22C938EB2}.Debug|x86.ActiveCfg = Debug|Win32
		{9087D41F-0A4B-4856-ADEF-F3F22C938EB2}.Debug|x86.Build.0 = Debug|Win32
		{9087D41F-0A4B-4856-ADEF-F3F22C938EB2}.Release|x64.ActiveCfg = Release|x64
		{9087D41F-0A4B-4856-ADEF-F3F22C938EB2}.Release|x64.Build.0 = Release|x64
		{9087D41F-0A4B-4856-ADEF-F3F22C938EB2}.Release|x86.ActiveCfg = Release|Win32
		{9087D41F-0A4B-4856-ADEF-F3F22C938EB2}.Release|x86.Build.0 = Release|Win32
		{3D248737-005F-4B7C-A263-1ECC2BC642C8}.Debug|x64.ActiveCfg = Debug|x64
		{3D248737-005F-4B7C-A263-1ECC2BC642C8}.Debug|x64.Build.0 = Debug|x64
		{3D248737-005F-4B7C-A263-1ECC2BC642C8}.Debug|x86.ActiveCfg = Debug|Win32
		{3D248737-005F-4B7C-A263-1ECC2BC642C8}.Debug|x86.Build.0 = Debug|Win32
		{3D248737-005F-4B7C-A263-1ECC2BC642C8}.Release|x64.ActiveCfg = Release|x64
		{3D248737-005F-4B7C-A263-1ECC2BC642C8}.Release|x64.Build.0 = Release|x64
		{3D248737-005F-4B7C-A263-1ECC2BC642C8}.Release|x86.ActiveCfg = Release|Win32
		{3D248737-005F-4B7C-A263-1ECC2BC642C8}.Release|x86.Build.0 = Release|Win32
		{40363176-D744-4840-911F-999BE391583F}.Debug|x64.ActiveCfg = Debug|x64
		{40363176-D744-4840-911F-999BE391583F}.Debug|x64.Build.0 = Debug|x64
		{40363176-D744-4840-911F-999BE391583F}.Debug|x86.ActiveCfg = Debug|Win32
		{40363176-D744-4840-911F-999BE391583F}.Debug|x86.Build.0 = Debug|Win32
		{40363176-D744-4840-911F-999BE391583F}.Release|x64.ActiveCfg = Release|x64
		{40363176-D744-4840-911F-999BE391583F}.Release|x64.Build.0 = Release|x64
		{40363176-D744-4840-911F-999BE391583F}.Release|x86.ActiveCfg = Release|Win32
		{40363176-D744-4840-911F-999BE391583F}.Release|x86.Build.0 = Release|Win32
		{51913C7C-5530-4014-9795-F003D020F4EB}.Debug|x64.ActiveCfg = Debug|x64
		{51913C7C-5530-4014-9795-F003D020F4EB}.Debug|x64.Build.0 = Debug|x64
		{51913C7C-5530-4014-9795-F003D020F4EB}.Debug|x86.ActiveCfg = Debug|Win32
		{51913C7C-5530-4014-9795-F003D020F4EB}.Debug|x86.Build.0 = Debug|Win32
		{51913C7C-5530-4014-9795-F003D020F4EB}.Release|x64.ActiveCfg = Release|x64
		{51913C7C-5530-4014-9795-F003D020F4EB}.Release|x64.Build.0 = Release|x64
		{51913C7C-5530-4014-9795-F003D020F4EB}.Release|x86.ActiveCfg = Release|Win32
		{51913C7C-5530-4014-9795-F003D020F4EB}.Release|x86.Build.0 = Release|Win32
	EndGlobalSection
	GlobalSection(SolutionProperties) = preSolution
		HideSolutionNode = FALSE
	EndGlobalSection
	GlobalSection(ExtensibilityGlobals) = postSolution
		SolutionGuid = {B726E331-DA24-474C-926A-242A1CBF62EC}
	EndGlobalSection
EndGlobal
